<?xml version="1.0" encoding="utf-8"?>
<Project ToolsVersion="4.0" xmlns="http://schemas.microsoft.com/developer/msbuild/2003">
  <ItemGroup>
    <Filter Include="test">
      <UniqueIdentifier>{637422f7-3895-4cbf-b0e9-045298ecb0ac}</UniqueIdentifier>
    </Filter>
  </ItemGroup>
  <ItemGroup>
    <ClCompile Include="..\..\test\Asserts.cpp">
      <Filter>test</Filter>
    </ClCompile>
    <ClCompile Include="..\..\test\DataCompare.cpp">
      <Filter>test</Filter>
    </ClCompile>
    <ClCompile Include="..\..\test\ThreadA.cpp">
      <Filter>test</Filter>
    </ClCompile>
    <ClCompile Include="..\..\test\ThreadB.cpp">
      <Filter>test</Filter>
    </ClCompile>
    <ClCompile Include="..\..\test\ThreadC.cpp">
      <Filter>test</Filter>
    </ClCompile>
  </ItemGroup>
</Project>